Microsoft Visual Studio Solution File, Format Version 11.00
# Visual Studio 2008

Project("{6249575C-63D8-B3D3-AB49-77FC747823EF}") = "CoinDash", "Assembly-CSharp-firstpass.csproj", "{4C6A258C-B678-428A-B803-98D9C65B7D2F}"
EndProject
Project("{6249575C-63D8-B3D3-AB49-77FC747823EF}") = "CoinDash", "Assembly-CSharp.csproj", "{7CEA5D90-F9EB-8D7D-C6A4-DDC84207E42F}"
EndProject
Project("{6249575C-63D8-B3D3-AB49-77FC747823EF}") = "CoinDash", "Assembly-CSharp-Editor.csproj", "{555D792F-BDE1-5B67-6816-FC6A5EBE61E1}"
EndProject
Project("{6249575C-63D8-B3D3-AB49-77FC747823EF}") = "CoinDash", "Assembly-UnityScript-firstpass.unityproj", "{0AB2DB04-A359-D515-A830-E4E9D3FEB80A}"
EndProject
Project("{6249575C-63D8-B3D3-AB49-77FC747823EF}") = "CoinDash", "Assembly-UnityScript.unityproj", "{0D4F52D1-7F12-034C-6DED-CEA6B1B22F8E}"
EndProject
Project("{6249575C-63D8-B3D3-AB49-77FC747823EF}") = "CoinDash", "Assembly-UnityScript-Editor.unityproj", "{1D4BD685-EE1E-92F0-A9F5-4AB9161193C7}"
EndProject
Global
	GlobalSection(SolutionConfigurationPlatforms) = preSolution
		Debug|Any CPU = Debug|Any CPU
		Release|Any CPU = Release|Any CPU
	EndGlobalSection
	GlobalSection(ProjectConfigurationPlatforms) = postSolution
		{4C6A258C-B678-428A-B803-98D9C65B7D2F}.Debug|Any CPU.ActiveCfg = Debug|Any CPU
		{4C6A258C-B678-428A-B803-98D9C65B7D2F}.Debug|Any CPU.Build.0 = Debug|Any CPU
		{4C6A258C-B678-428A-B803-98D9C65B7D2F}.Release|Any CPU.ActiveCfg = Release|Any CPU
		{4C6A258C-B678-428A-B803-98D9C65B7D2F}.Release|Any CPU.Build.0 = Release|Any CPU
		{7CEA5D90-F9EB-8D7D-C6A4-DDC84207E42F}.Debug|Any CPU.ActiveCfg = Debug|Any CPU
		{7CEA5D90-F9EB-8D7D-C6A4-DDC84207E42F}.Debug|Any CPU.Build.0 = Debug|Any CPU
		{7CEA5D90-F9EB-8D7D-C6A4-DDC84207E42F}.Release|Any CPU.ActiveCfg = Release|Any CPU
		{7CEA5D90-F9EB-8D7D-C6A4-DDC84207E42F}.Release|Any CPU.Build.0 = Release|Any CPU
		{555D792F-BDE1-5B67-6816-FC6A5EBE61E1}.Debug|Any CPU.ActiveCfg = Debug|Any CPU
		{555D792F-BDE1-5B67-6816-FC6A5EBE61E1}.Debug|Any CPU.Build.0 = Debug|Any CPU
		{555D792F-BDE1-5B67-6816-FC6A5EBE61E1}.Release|Any CPU.ActiveCfg = Release|Any CPU
		{555D792F-BDE1-5B67-6816-FC6A5EBE61E1}.Release|Any CPU.Build.0 = Release|Any CPU
		{0AB2DB04-A359-D515-A830-E4E9D3FEB80A}.Debug|Any CPU.ActiveCfg = Debug|Any CPU
		{0AB2DB04-A359-D515-A830-E4E9D3FEB80A}.Debug|Any CPU.Build.0 = Debug|Any CPU
		{0AB2DB04-A359-D515-A830-E4E9D3FEB80A}.Release|Any CPU.ActiveCfg = Release|Any CPU
		{0AB2DB04-A359-D515-A830-E4E9D3FEB80A}.Release|Any CPU.Build.0 = Release|Any CPU
		{0D4F52D1-7F12-034C-6DED-CEA6B1B22F8E}.Debug|Any CPU.ActiveCfg = Debug|Any CPU
		{0D4F52D1-7F12-034C-6DED-CEA6B1B22F8E}.Debug|Any CPU.Build.0 = Debug|Any CPU
		{0D4F52D1-7F12-034C-6DED-CEA6B1B22F8E}.Release|Any CPU.ActiveCfg = Release|Any CPU
		{0D4F52D1-7F12-034C-6DED-CEA6B1B22F8E}.Release|Any CPU.Build.0 = Release|Any CPU
		{1D4BD685-EE1E-92F0-A9F5-4AB9161193C7}.Debug|Any CPU.ActiveCfg = Debug|Any CPU
		{1D4BD685-EE1E-92F0-A9F5-4AB9161193C7}.Debug|Any CPU.Build.0 = Debug|Any CPU
		{1D4BD685-EE1E-92F0-A9F5-4AB9161193C7}.Release|Any CPU.ActiveCfg = Release|Any CPU
		{1D4BD685-EE1E-92F0-A9F5-4AB9161193C7}.Release|Any CPU.Build.0 = Release|Any CPU
	EndGlobalSection
	GlobalSection(SolutionProperties) = preSolution
		HideSolutionNode = FALSE
	EndGlobalSection
																																																																																																																																																																																																																																																																																																																																																					GlobalSection(MonoDevelopProperties) = preSolution
		StartupItem = Assembly-CSharp.csproj
		Policies = $0
		$0.TextStylePolicy = $1
		$1.inheritsSet = null
		$1.scope = text/x-csharp
		$0.CSharpFormattingPolicy = $2
		$2.inheritsSet = Mono
		$2.inheritsScope = text/x-csharp
		$2.scope = text/x-csharp
		$0.TextStylePolicy = $3
		$3.FileWidth = 120
		$3.TabWidth = 4
		$3.EolMarker = Unix
		$3.inheritsSet = Mono
		$3.inheritsScope = text/plain
		$3.scope = text/plain
	EndGlobalSection

EndGlobal
